// !$*UTF8*$!
{
	archiveVersion = 1;
	classes = {
	};
	objectVersion = 55;
	objects = {

/* Begin PBXBuildFile section */
		C82490FF289F154D007861BA /* AppDelegate.swift in Sources */ = {isa = PBXBuildFile; fileRef = C82490FE289F154D007861BA /* AppDelegate.swift */; };
		C8249101289F154D007861BA /* SceneDelegate.swift in Sources */ = {isa = PBXBuildFile; fileRef = C8249100289F154D007861BA /* SceneDelegate.swift */; };
		C8249103289F154D007861BA /* ViewController.swift in Sources */ = {isa = PBXBuildFile; fileRef = C8249102289F154D007861BA /* ViewController.swift */; };
		C8249106289F154E007861BA /* Main.storyboard in Resources */ = {isa = PBXBuildFile; fileRef = C8249104289F154E007861BA /* Main.storyboard */; };
		C8249108289F1551007861BA /* Assets.xcassets in Resources */ = {isa = PBXBuildFile; fileRef = C8249107289F1551007861BA /* Assets.xcassets */; };
		C824910B289F1551007861BA /* LaunchScreen.storyboard in Resources */ = {isa = PBXBuildFile; fileRef = C8249109289F1551007861BA /* LaunchScreen.storyboard */; };
		C8249113289F3FD8007861BA /* Song.swift in Sources */ = {isa = PBXBuildFile; fileRef = C8249112289F3FD8007861BA /* Song.swift */; };
		C8249122289F4FEC007861BA /* SongTableViewCell.swift in Sources */ = {isa = PBXBuildFile; fileRef = C8249120289F4FEC007861BA /* SongTableViewCell.swift */; };
		C8249123289F4FEC007861BA /* SongTableViewCell.xib in Resources */ = {isa = PBXBuildFile; fileRef = C8249121289F4FEC007861BA /* SongTableViewCell.xib */; };
		C824912628A0421D007861BA /* SongDetailViewController.swift in Sources */ = {isa = PBXBuildFile; fileRef = C824912428A0421D007861BA /* SongDetailViewController.swift */; };
		C824912728A0421D007861BA /* SongDetailViewController.xib in Resources */ = {isa = PBXBuildFile; fileRef = C824912528A0421D007861BA /* SongDetailViewController.xib */; };
/* End PBXBuildFile section */

/* Begin PBXFileReference section */
		C82490FB289F154D007861BA /* SongHelpApp.app */ = {isa = PBXFileReference; explicitFileType = wrapper.application; includeInIndex = 0; path = SongHelpApp.app; sourceTree = BUILT_PRODUCTS_DIR; };
		C82490FE289F154D007861BA /* AppDelegate.swift */ = {isa = PBXFileReference; lastKnownFileType = sourcecode.swift; path = AppDelegate.swift; sourceTree = "<group>"; };
		C8249100289F154D007861BA /* SceneDelegate.swift */ = {isa = PBXFileReference; lastKnownFileType = sourcecode.swift; path = SceneDelegate.swift; sourceTree = "<group>"; };
		C8249102289F154D007861BA /* ViewController.swift */ = {isa = PBXFileReference; lastKnownFileType = sourcecode.swift; path = ViewController.swift; sourceTree = "<group>"; };
		C8249105289F154E007861BA /* Base */ = {isa = PBXFileReference; lastKnownFileType = file.storyboard; name = Base; path = Base.lproj/Main.storyboard; sourceTree = "<group>"; };
		C8249107289F1551007861BA /* Assets.xcassets */ = {isa = PBXFileReference; lastKnownFileType = folder.assetcatalog; path = Assets.xcassets; sourceTree = "<group>"; };
		C824910A289F1551007861BA /* Base */ = {isa = PBXFileReference; lastKnownFileType = file.storyboard; name = Base; path = Base.lproj/LaunchScreen.storyboard; sourceTree = "<group>"; };
		C824910C289F1551007861BA /* Info.plist */ = {isa = PBXFileReference; lastKnownFileType = text.plist.xml; path = Info.plist; sourceTree = "<group>"; };
		C8249112289F3FD8007861BA /* Song.swift */ = {isa = PBXFileReference; lastKnownFileType = sourcecode.swift; path = Song.swift; sourceTree = "<group>"; };
		C8249120289F4FEC007861BA /* SongTableViewCell.swift */ = {isa = PBXFileReference; lastKnownFileType = sourcecode.swift; path = SongTableViewCell.swift; sourceTree = "<group>"; };
		C8249121289F4FEC007861BA /* SongTableViewCell.xib */ = {isa = PBXFileReference; lastKnownFileType = file.xib; path = SongTableViewCell.xib; sourceTree = "<group>"; };
		C824912428A0421D007861BA /* SongDetailViewController.swift */ = {isa = PBXFileReference; lastKnownFileType = sourcecode.swift; path = SongDetailViewController.swift; sourceTree = "<group>"; };
		C824912528A0421D007861BA /* SongDetailViewController.xib */ = {isa = PBXFileReference; lastKnownFileType = file.xib; path = SongDetailViewController.xib; sourceTree = "<group>"; };
/* End PBXFileReference section */

/* Begin PBXFrameworksBuildPhase section */
		C82490F8289F154D007861BA /* Frameworks */ = {
			isa = PBXFrameworksBuildPhase;
			buildActionMask = 2147483647;
			files = (
			);
			runOnlyForDeploymentPostprocessing = 0;
		};
/* End PBXFrameworksBuildPhase section */

/* Begin PBXGroup section */
		C82490F2289F154D007861BA = {
			isa = PBXGroup;
			children = (
				C82490FD289F154D007861BA /* SongHelpApp */,
				C82490FC289F154D007861BA /* Products */,
			);
			sourceTree = "<group>";
		};
		C82490FC289F154D007861BA /* Products */ = {
			isa = PBXGroup;
			children = (
				C82490FB289F154D007861BA /* SongHelpApp.app */,
			);
			name = Products;
			sourceTree = "<group>";
		};
		C82490FD289F154D007861BA /* SongHelpApp */ = {
			isa = PBXGroup;
			children = (
				C82490FE289F154D007861BA /* AppDelegate.swift */,
				C8249100289F154D007861BA /* SceneDelegate.swift */,
				C8249102289F154D007861BA /* ViewController.swift */,
				C8249104289F154E007861BA /* Main.storyboard */,
				C8249107289F1551007861BA /* Assets.xcassets */,
				C8249109289F1551007861BA /* LaunchScreen.storyboard */,
				C824910C289F1551007861BA /* Info.plist */,
				C8249112289F3FD8007861BA /* Song.swift */,
				C8249120289F4FEC007861BA /* SongTableViewCell.swift */,
				C8249121289F4FEC007861BA /* SongTableViewCell.xib */,
				C824912428A0421D007861BA /* SongDetailViewController.swift */,
				C824912528A0421D007861BA /* SongDetailViewController.xib */,
			);
			path = SongHelpApp;
			sourceTree = "<group>";
		};
/* End PBXGroup section */

/* Begin PBXNativeTarget section */
		C82490FA289F154D007861BA /* SongHelpApp */ = {
			isa = PBXNativeTarget;
			buildConfigurationList = C824910F289F1551007861BA /* Build configuration list for PBXNativeTarget "SongHelpApp" */;
			buildPhases = (
				C82490F7289F154D007861BA /* Sources */,
				C82490F8289F154D007861BA /* Frameworks */,
				C82490F9289F154D007861BA /* Resources */,
			);
			buildRules = (
			);
			dependencies = (
			);
			name = SongHelpApp;
			productName = SongHelpApp;
			productReference = C82490FB289F154D007861BA /* SongHelpApp.app */;
			productType = "com.apple.product-type.application";
		};
/* End PBXNativeTarget section */

/* Begin PBXProject section */
		C82490F3289F154D007861BA /* Project object */ = {
			isa = PBXProject;
			attributes = {
				BuildIndependentTargetsInParallel = 1;
				LastSwiftUpdateCheck = 1340;
				LastUpgradeCheck = 1340;
				TargetAttributes = {
					C82490FA289F154D007861BA = {
						CreatedOnToolsVersion = 13.4.1;
					};
				};
			};
			buildConfigurationList = C82490F6289F154D007861BA /* Build configuration list for PBXProject "SongHelpApp" */;
			compatibilityVersion = "Xcode 13.0";
			developmentRegion = en;
			hasScannedForEncodings = 0;
			knownRegions = (
				en,
				Base,
			);
			mainGroup = C82490F2289F154D007861BA;
			productRefGroup = C82490FC289F154D007861BA /* Products */;
			projectDirPath = "";
			projectRoot = "";
			targets = (
				C82490FA289F154D007861BA /* SongHelpApp */,
			);
		};
/* End PBXProject section */

/* Begin PBXResourcesBuildPhase section */
		C82490F9289F154D007861BA /* Resources */ = {
			isa = PBXResourcesBuildPhase;
			buildActionMask = 2147483647;
			files = (
				C824912728A0421D007861BA /* SongDetailViewController.xib in Resources */,
				C8249123289F4FEC007861BA /* SongTableViewCell.xib in Resources */,
				C824910B289F1551007861BA /* LaunchScreen.storyboard in Resources */,
				C8249108289F1551007861BA /* Assets.xcassets in Resources */,
				C8249106289F154E007861BA /* Main.storyboard in Resources */,
			);
			runOnlyForDeploymentPostprocessing = 0;
		};
/* End PBXResourcesBuildPhase section */

/* Begin PBXSourcesBuildPhase section */
		C82490F7289F154D007861BA /* Sources */ = {
			isa = PBXSourcesBuildPhase;
			buildActionMask = 2147483647;
			files = (
				C824912628A0421D007861BA /* SongDetailViewController.swift in Sources */,
				C8249113289F3FD8007861BA /* Song.swift in Sources */,
				C8249103289F154D007861BA /* ViewController.swift in Sources */,
				C8249122289F4FEC007861BA /* SongTableViewCell.swift in Sources */,
				C82490FF289F154D007861BA /* AppDelegate.swift in Sources */,
				C8249101289F154D007861BA /* SceneDelegate.swift in Sources */,
			);
			runOnlyForDeploymentPostprocessing = 0;
		};
/* End PBXSourcesBuildPhase section */

/* Begin PBXVariantGroup section */
		C8249104289F154E007861BA /* Main.storyboard */ = {
			isa = PBXVariantGroup;
			children = (
				C8249105289F154E007861BA /* Base */,
			);
			name = Main.storyboard;
			sourceTree = "<group>";
		};
		C8249109289F1551007861BA /* LaunchScreen.storyboard */ = {
			isa = PBXVariantGroup;
			children = (
				C824910A289F1551007861BA /* Base */,
			);
			name = LaunchScreen.storyboard;
			sourceTree = "<group>";
		};
/* End PBXVariantGroup section */

/* Begin XCBuildConfiguration section */
		C824910D289F1551007861BA /* Debug */ = {
			isa = XCBuildConfiguration;
			buildSettings = {
				ALWAYS_SEARCH_USER_PATHS = NO;
				CLANG_ANALYZER_NONNULL = YES;
				CLANG_ANALYZER_NUMBER_OBJECT_CONVERSION = YES_AGGRESSIVE;
				CLANG_CXX_LANGUAGE_STANDARD = "gnu++17";
				CLANG_ENABLE_MODULES = YES;
				CLANG_ENABLE_OBJC_ARC = YES;
				CLANG_ENABLE_OBJC_WEAK = YES;
				CLANG_WARN_BLOCK_CAPTURE_AUTORELEASING = YES;
				CLANG_WARN_BOOL_CONVERSION = YES;
				CLANG_WARN_COMMA = YES;
				CLANG_WARN_CONSTANT_CONVERSION = YES;
				CLANG_WARN_DEPRECATED_OBJC_IMPLEMENTATIONS = YES;
				CLANG_WARN_DIRECT_OBJC_ISA_USAGE = YES_ERROR;
				CLANG_WARN_DOCUMENTATION_COMMENTS = YES;
				CLANG_WARN_EMPTY_BODY = YES;
				CLANG_WARN_ENUM_CONVERSION = YES;
				CLANG_WARN_INFINITE_RECURSION = YES;
				CLANG_WARN_INT_CONVERSION = YES;
				CLANG_WARN_NON_LITERAL_NULL_CONVERSION = YES;
				CLANG_WARN_OBJC_IMPLICIT_RETAIN_SELF = YES;
				CLANG_WARN_OBJC_LITERAL_CONVERSION = YES;
				CLANG_WARN_OBJC_ROOT_CLASS = YES_ERROR;
				CLANG_WARN_QUOTED_INCLUDE_IN_FRAMEWORK_HEADER = YES;
				CLANG_WARN_RANGE_LOOP_ANALYSIS = YES;
				CLANG_WARN_STRICT_PROTOTYPES = YES;
				CLANG_WARN_SUSPICIOUS_MOVE = YES;
				CLANG_WARN_UNGUARDED_AVAILABILITY = YES_AGGRESSIVE;
				CLANG_WARN_UNREACHABLE_CODE = YES;
				CLANG_WARN__DUPLICATE_METHOD_MATCH = YES;
				COPY_PHASE_STRIP = NO;
				DEBUG_INFORMATION_FORMAT = dwarf;
				ENABLE_STRICT_OBJC_MSGSEND = YES;
				ENABLE_TESTABILITY = YES;
				GCC_C_LANGUAGE_STANDARD = gnu11;
				GCC_DYNAMIC_NO_PIC = NO;
				GCC_NO_COMMON_BLOCKS = YES;
				GCC_OPTIMIZATION_LEVEL = 0;
				GCC_PREPROCESSOR_DEFINITIONS = (
					"DEBUG=1",
					"$(inherited)",
				);
				GCC_WARN_64_TO_32_BIT_CONVERSION = YES;
				GCC_WARN_ABOUT_RETURN_TYPE = YES_ERROR;
				GCC_WARN_UNDECLARED_SELECTOR = YES;
				GCC_WARN_UNINITIALIZED_AUTOS = YES_AGGRESSIVE;
				GCC_WARN_UNUSED_FUNCTION = YES;
				GCC_WARN_UNUSED_VARIABLE = YES;
				IPHONEOS_DEPLOYMENT_TARGET = 15.5;
				MTL_ENABLE_DEBUG_INFO = INCLUDE_SOURCE;
				MTL_FAST_MATH = YES;
				ONLY_ACTIVE_ARCH = YES;
				SDKROOT = iphoneos;
				SWIFT_ACTIVE_COMPILATION_CONDITIONS = DEBUG;
				SWIFT_OPTIMIZATION_LEVEL = "-Onone";
			};
			name = Debug;
		};
		C824910E289F1551007861BA /* Release */ = {
			isa = XCBuildConfiguration;
			buildSettings = {
				ALWAYS_SEARCH_USER_PATHS = NO;
				CLANG_ANALYZER_NONNULL = YES;
				CLANG_ANALYZER_NUMBER_OBJECT_CONVERSION = YES_AGGRESSIVE;
				CLANG_CXX_LANGUAGE_STANDARD = "gnu++17";
				CLANG_ENABLE_MODULES = YES;
				CLANG_ENABLE_OBJC_ARC = YES;
				CLANG_ENABLE_OBJC_WEAK = YES;
				CLANG_WARN_BLOCK_CAPTURE_AUTORELEASING = YES;
				CLANG_WARN_BOOL_CONVERSION = YES;
				CLANG_WARN_COMMA = YES;
				CLANG_WARN_CONSTANT_CONVERSION = YES;
				CLANG_WARN_DEPRECATED_OBJC_IMPLEMENTATIONS = YES;
				CLANG_WARN_DIRECT_OBJC_ISA_USAGE = YES_ERROR;
				CLANG_WARN_DOCUMENTATION_COMMENTS = YES;
				CLANG_WARN_EMPTY_BODY = YES;
				CLANG_WARN_ENUM_CONVERSION = YES;
				CLANG_WARN_INFINITE_RECURSION = YES;
				CLANG_WARN_INT_CONVERSION = YES;
				CLANG_WARN_NON_LITERAL_NULL_CONVERSION = YES;
				CLANG_WARN_OBJC_IMPLICIT_RETAIN_SELF = YES;
				CLANG_WARN_OBJC_LITERAL_CONVERSION = YES;
				CLANG_WARN_OBJC_ROOT_CLASS = YES_ERROR;
				CLANG_WARN_QUOTED_INCLUDE_IN_FRAMEWORK_HEADER = YES;
				CLANG_WARN_RANGE_LOOP_ANALYSIS = YES;
				CLANG_WARN_STRICT_PROTOTYPES = YES;
				CLANG_WARN_SUSPICIOUS_MOVE = YES;
				CLANG_WARN_UNGUARDED_AVAILABILITY = YES_AGGRESSIVE;
				CLANG_WARN_UNREACHABLE_CODE = YES;
				CLANG_WARN__DUPLICATE_METHOD_MATCH = YES;
				COPY_PHASE_STRIP = NO;
				DEBUG_INFORMATION_FORMAT = "dwarf-with-dsym";
				ENABLE_NS_ASSERTIONS = NO;
				ENABLE_STRICT_OBJC_MSGSEND = YES;
				GCC_C_LANGUAGE_STANDARD = gnu11;
				GCC_NO_COMMON_BLOCKS = YES;
				GCC_WARN_64_TO_32_BIT_CONVERSION = YES;
				GCC_WARN_ABOUT_RETURN_TYPE = YES_ERROR;
				GCC_WARN_UNDECLARED_SELECTOR = YES;
				GCC_WARN_UNINITIALIZED_AUTOS = YES_AGGRESSIVE;
				GCC_WARN_UNUSED_FUNCTION = YES;
				GCC_WARN_UNUSED_VARIABLE = YES;
				IPHONEOS_DEPLOYMENT_TARGET = 15.5;
				MTL_ENABLE_DEBUG_INFO = NO;
				MTL_FAST_MATH = YES;
				SDKROOT = iphoneos;
				SWIFT_COMPILATION_MODE = wholemodule;
				SWIFT_OPTIMIZATION_LEVEL = "-O";
				VALIDATE_PRODUCT = YES;
			};
			name = Release;
		};
		C8249110289F1551007861BA /* Debug */ = {
			isa = XCBuildConfiguration;
			buildSettings = {
				ASSETCATALOG_COMPILER_APPICON_NAME = AppIcon;
				ASSETCATALOG_COMPILER_GLOBAL_ACCENT_COLOR_NAME = AccentColor;
				CODE_SIGN_STYLE = Automatic;
				CURRENT_PROJECT_VERSION = 1;
				GENERATE_INFOPLIST_FILE = YES;
				INFOPLIST_FILE = SongHelpApp/Info.plist;
				INFOPLIST_KEY_UIApplicationSupportsIndirectInputEvents = YES;
				INFOPLIST_KEY_UILaunchStoryboardName = LaunchScreen;
				INFOPLIST_KEY_UIMainStoryboardFile = Main;
				INFOPLIST_KEY_UISupportedInterfaceOrientations_iPad = "UIInterfaceOrientationPortrait UIInterfaceOrientationPortraitUpsideDown UIInterfaceOrientationLandscapeLeft UIInterfaceOrientationLandscapeRight";
				INFOPLIST_KEY_UISupportedInterfaceOrientations_iPhone = "UIInterfaceOrientationPortrait UIInterfaceOrientationLandscapeLeft UIInterfaceOrientationLandscapeRight";
				LD_RUNPATH_SEARCH_PATHS = (
					"$(inherited)",
					"@executable_path/Frameworks",
				);
				MARKETING_VERSION = 1.0;
				PRODUCT_BUNDLE_IDENTIFIER = testes.SongHelpApp;
				PRODUCT_NAME = "$(TARGET_NAME)";
				SWIFT_EMIT_LOC_STRINGS = YES;
				SWIFT_VERSION = 5.0;
				TARGETED_DEVICE_FAMILY = "1,2";
			};
			name = Debug;
		};
		C8249111289F1551007861BA /* Release */ = {
			isa = XCBuildConfiguration;
			buildSettings = {
				ASSETCATALOG_COMPILER_APPICON_NAME = AppIcon;
				ASSETCATALOG_COMPILER_GLOBAL_ACCENT_COLOR_NAME = AccentColor;
				CODE_SIGN_STYLE = Automatic;
				CURRENT_PROJECT_VERSION = 1;
				GENERATE_INFOPLIST_FILE = YES;
				INFOPLIST_FILE = SongHelpApp/Info.plist;
				INFOPLIST_KEY_UIApplicationSupportsIndirectInputEvents = YES;
				INFOPLIST_KEY_UILaunchStoryboardName = LaunchScreen;
				INFOPLIST_KEY_UIMainStoryboardFile = Main;
				INFOPLIST_KEY_UISupportedInterfaceOrientations_iPad = "UIInterfaceOrientationPortrait UIInterfaceOrientationPortraitUpsideDown UIInterfaceOrientationLandscapeLeft UIInterfaceOrientationLandscapeRight";
				INFOPLIST_KEY_UISupportedInterfaceOrientations_iPhone = "UIInterfaceOrientationPortrait UIInterfaceOrientationLandscapeLeft UIInterfaceOrientationLandscapeRight";
				LD_RUNPATH_SEARCH_PATHS = (
					"$(inherited)",
					"@executable_path/Frameworks",
				);
				MARKETING_VERSION = 1.0;
				PRODUCT_BUNDLE_IDENTIFIER = testes.SongHelpApp;
				PRODUCT_NAME = "$(TARGET_NAME)";
				SWIFT_EMIT_LOC_STRINGS = YES;
				SWIFT_VERSION = 5.0;
				TARGETED_DEVICE_FAMILY = "1,2";
			};
			name = Release;
		};
/* End XCBuildConfiguration section */

/* Begin XCConfigurationList section */
		C82490F6289F154D007861BA /* Build configuration list for PBXProject "SongHelpApp" */ = {
			isa = XCConfigurationList;
			buildConfigurations = (
				C824910D289F1551007861BA /* Debug */,
				C824910E289F1551007861BA /* Release */,
			);
			defaultConfigurationIsVisible = 0;
			defaultConfigurationName = Release;
		};
		C824910F289F1551007861BA /* Build configuration list for PBXNativeTarget "SongHelpApp" */ = {
			isa = XCConfigurationList;
			buildConfigurations = (
				C8249110289F1551007861BA /* Debug */,
				C8249111289F1551007861BA /* Release */,
			);
			defaultConfigurationIsVisible = 0;
			defaultConfigurationName = Release;
		};
/* End XCConfigurationList section */
	};
	rootObject = C82490F3289F154D007861BA /* Project object */;
}
